{
  "name": "bravant-fullstack",
  "version": "1.0.0",
  "lockfileVersion": 3,
  "requires": true,
  "packages": {
    "": {
      "name": "bravant-fullstack",
      "version": "1.0.0"
    },
    "client": {
      "version": "1.0.0",
      "extraneous": true,
      "dependencies": {
        "axios": "^1.6.2",
        "framer-motion": "^10.16.16",
        "next": "14.0.4",
        "react": "^18.2.0",
        "react-dom": "^18.2.0"
      },
      "devDependencies": {
        "eslint": "^8.55.0",
        "eslint-config-next": "14.0.4"
      }
    },
    "server": {
      "version": "1.0.0",
      "extraneous": true,
      "dependencies": {
        "bcryptjs": "^2.4.3",
        "cors": "^2.8.5",
        "dotenv": "^16.3.1",
        "express": "^4.18.2",
        "express-validator": "^7.0.1",
        "jsonwebtoken": "^9.0.2",
        "mongoose": "^8.0.3",
        "nodemailer": "^6.9.7"
      },
      "devDependencies": {
        "nodemon": "^3.0.2"
      }
    }
  }
}
